// !$*UTF8*$!
{
	archiveVersion = 1;
	classes = {
	};
	objectVersion = 46;
	objects = {

/* Begin PBXBuildFile section */
		6E44FAF01AA1D45E0037D698 /* Foundation.framework in Frameworks */ = {isa = PBXBuildFile; fileRef = 6E44FAEF1AA1D45E0037D698 /* Foundation.framework */; };
		6E44FAF21AA1D45E0037D698 /* CoreGraphics.framework in Frameworks */ = {isa = PBXBuildFile; fileRef = 6E44FAF11AA1D45E0037D698 /* CoreGraphics.framework */; };
		6E44FAF41AA1D45E0037D698 /* UIKit.framework in Frameworks */ = {isa = PBXBuildFile; fileRef = 6E44FAF31AA1D45E0037D698 /* UIKit.framework */; };
		6E44FAFA1AA1D45E0037D698 /* InfoPlist.strings in Resources */ = {isa = PBXBuildFile; fileRef = 6E44FAF81AA1D45E0037D698 /* InfoPlist.strings */; };
		6E44FAFC1AA1D45E0037D698 /* main.m in Sources */ = {isa = PBXBuildFile; fileRef = 6E44FAFB1AA1D45E0037D698 /* main.m */; };
		6E44FB001AA1D45E0037D698 /* OCAppDelegate.m in Sources */ = {isa = PBXBuildFile; fileRef = 6E44FAFF1AA1D45E0037D698 /* OCAppDelegate.m */; };
		6E44FB031AA1D45E0037D698 /* Main_iPhone.storyboard in Resources */ = {isa = PBXBuildFile; fileRef = 6E44FB011AA1D45E0037D698 /* Main_iPhone.storyboard */; };
		6E44FB061AA1D45E0037D698 /* Main_iPad.storyboard in Resources */ = {isa = PBXBuildFile; fileRef = 6E44FB041AA1D45E0037D698 /* Main_iPad.storyboard */; };
		6E44FB091AA1D45E0037D698 /* OCViewController.m in Sources */ = {isa = PBXBuildFile; fileRef = 6E44FB081AA1D45E0037D698 /* OCViewController.m */; };
		6E44FB0B1AA1D45E0037D698 /* Images.xcassets in Resources */ = {isa = PBXBuildFile; fileRef = 6E44FB0A1AA1D45E0037D698 /* Images.xcassets */; };
		6E44FB121AA1D45E0037D698 /* XCTest.framework in Frameworks */ = {isa = PBXBuildFile; fileRef = 6E44FB111AA1D45E0037D698 /* XCTest.framework */; };
		6E44FB131AA1D45E0037D698 /* Foundation.framework in Frameworks */ = {isa = PBXBuildFile; fileRef = 6E44FAEF1AA1D45E0037D698 /* Foundation.framework */; };
		6E44FB141AA1D45E0037D698 /* UIKit.framework in Frameworks */ = {isa = PBXBuildFile; fileRef = 6E44FAF31AA1D45E0037D698 /* UIKit.framework */; };
		6E44FB1C1AA1D45E0037D698 /* InfoPlist.strings in Resources */ = {isa = PBXBuildFile; fileRef = 6E44FB1A1AA1D45E0037D698 /* InfoPlist.strings */; };
		6E44FB1E1AA1D45E0037D698 /* oralcareTests.m in Sources */ = {isa = PBXBuildFile; fileRef = 6E44FB1D1AA1D45E0037D698 /* oralcareTests.m */; };
		CC2FF61F1AA3EA48005994C4 /* MKAnnotationView+WebCache.m in Sources */ = {isa = PBXBuildFile; fileRef = CC2FF5FF1AA3EA47005994C4 /* MKAnnotationView+WebCache.m */; };
		CC2FF6201AA3EA48005994C4 /* NSData+ImageContentType.m in Sources */ = {isa = PBXBuildFile; fileRef = CC2FF6011AA3EA47005994C4 /* NSData+ImageContentType.m */; };
		CC2FF6211AA3EA48005994C4 /* SDImageCache.m in Sources */ = {isa = PBXBuildFile; fileRef = CC2FF6031AA3EA47005994C4 /* SDImageCache.m */; };
		CC2FF6221AA3EA48005994C4 /* SDWebImageCompat.m in Sources */ = {isa = PBXBuildFile; fileRef = CC2FF6051AA3EA47005994C4 /* SDWebImageCompat.m */; };
		CC2FF6231AA3EA48005994C4 /* SDWebImageDecoder.m in Sources */ = {isa = PBXBuildFile; fileRef = CC2FF6071AA3EA47005994C4 /* SDWebImageDecoder.m */; };
		CC2FF6241AA3EA48005994C4 /* SDWebImageDownloader.m in Sources */ = {isa = PBXBuildFile; fileRef = CC2FF6091AA3EA48005994C4 /* SDWebImageDownloader.m */; };
		CC2FF6251AA3EA48005994C4 /* SDWebImageDownloaderOperation.m in Sources */ = {isa = PBXBuildFile; fileRef = CC2FF60B1AA3EA48005994C4 /* SDWebImageDownloaderOperation.m */; };
		CC2FF6261AA3EA48005994C4 /* SDWebImageManager.m in Sources */ = {isa = PBXBuildFile; fileRef = CC2FF60D1AA3EA48005994C4 /* SDWebImageManager.m */; };
		CC2FF6271AA3EA48005994C4 /* SDWebImagePrefetcher.m in Sources */ = {isa = PBXBuildFile; fileRef = CC2FF6101AA3EA48005994C4 /* SDWebImagePrefetcher.m */; };
		CC2FF6281AA3EA48005994C4 /* UIButton+WebCache.m in Sources */ = {isa = PBXBuildFile; fileRef = CC2FF6121AA3EA48005994C4 /* UIButton+WebCache.m */; };
		CC2FF6291AA3EA48005994C4 /* UIImage+GIF.m in Sources */ = {isa = PBXBuildFile; fileRef = CC2FF6141AA3EA48005994C4 /* UIImage+GIF.m */; };
		CC2FF62A1AA3EA48005994C4 /* UIImage+MultiFormat.m in Sources */ = {isa = PBXBuildFile; fileRef = CC2FF6161AA3EA48005994C4 /* UIImage+MultiFormat.m */; };
		CC2FF62B1AA3EA48005994C4 /* UIImage+WebP.m in Sources */ = {isa = PBXBuildFile; fileRef = CC2FF6181AA3EA48005994C4 /* UIImage+WebP.m */; };
		CC2FF62C1AA3EA48005994C4 /* UIImageView+HighlightedWebCache.m in Sources */ = {isa = PBXBuildFile; fileRef = CC2FF61A1AA3EA48005994C4 /* UIImageView+HighlightedWebCache.m */; };
		CC2FF62D1AA3EA48005994C4 /* UIImageView+WebCache.m in Sources */ = {isa = PBXBuildFile; fileRef = CC2FF61C1AA3EA48005994C4 /* UIImageView+WebCache.m */; };
		CC2FF62E1AA3EA48005994C4 /* UIView+WebCacheOperation.m in Sources */ = {isa = PBXBuildFile; fileRef = CC2FF61E1AA3EA48005994C4 /* UIView+WebCacheOperation.m */; };
		CC756EC11AA2CBFB00C50198 /* OCTABViewController.m in Sources */ = {isa = PBXBuildFile; fileRef = CC756EC01AA2CBFB00C50198 /* OCTABViewController.m */; };
		CC756EC41AA2D05900C50198 /* OCHOMEViewController.m in Sources */ = {isa = PBXBuildFile; fileRef = CC756EC31AA2D05900C50198 /* OCHOMEViewController.m */; };
		CC756ECB1AA2D5D800C50198 /* 1.jpg in Resources */ = {isa = PBXBuildFile; fileRef = CC756EC81AA2D5D800C50198 /* 1.jpg */; };
		CC756ECC1AA2D5D800C50198 /* 2.jpg in Resources */ = {isa = PBXBuildFile; fileRef = CC756EC91AA2D5D800C50198 /* 2.jpg */; };
		CC756ECD1AA2D5D800C50198 /* 3.jpg in Resources */ = {isa = PBXBuildFile; fileRef = CC756ECA1AA2D5D800C50198 /* 3.jpg */; };
		CC756ED01AA2D85600C50198 /* OCATTableViewCell.m in Sources */ = {isa = PBXBuildFile; fileRef = CC756ECF1AA2D85600C50198 /* OCATTableViewCell.m */; };
		CC756ED21AA2F76B00C50198 /* tabbar_background.png in Resources */ = {isa = PBXBuildFile; fileRef = CC756ED11AA2F76B00C50198 /* tabbar_background.png */; };
		CC756EE41AA2F88A00C50198 /* MJRefresh.bundle in Resources */ = {isa = PBXBuildFile; fileRef = CC756ED41AA2F88A00C50198 /* MJRefresh.bundle */; };
		CC756EE51AA2F88A00C50198 /* MJRefreshBaseView.m in Sources */ = {isa = PBXBuildFile; fileRef = CC756ED71AA2F88A00C50198 /* MJRefreshBaseView.m */; };
		CC756EE61AA2F88A00C50198 /* MJRefreshConst.m in Sources */ = {isa = PBXBuildFile; fileRef = CC756ED91AA2F88A00C50198 /* MJRefreshConst.m */; };
		CC756EE71AA2F88A00C50198 /* MJRefreshFooterView.m in Sources */ = {isa = PBXBuildFile; fileRef = CC756EDB1AA2F88A00C50198 /* MJRefreshFooterView.m */; };
		CC756EE81AA2F88A00C50198 /* MJRefreshHeaderView.m in Sources */ = {isa = PBXBuildFile; fileRef = CC756EDD1AA2F88A00C50198 /* MJRefreshHeaderView.m */; };
		CC756EE91AA2F88A00C50198 /* UIScrollView+MJRefresh.m in Sources */ = {isa = PBXBuildFile; fileRef = CC756EDF1AA2F88A00C50198 /* UIScrollView+MJRefresh.m */; };
		CC756EEA1AA2F88A00C50198 /* UIView+Extension.m in Sources */ = {isa = PBXBuildFile; fileRef = CC756EE11AA2F88A00C50198 /* UIView+Extension.m */; };
		CC756EEB1AA2F88A00C50198 /* UIScrollView+Extension.m in Sources */ = {isa = PBXBuildFile; fileRef = CC756EE31AA2F88A00C50198 /* UIScrollView+Extension.m */; };
/* End PBXBuildFile section */

/* Begin PBXContainerItemProxy section */
		6E44FB151AA1D45E0037D698 /* PBXContainerItemProxy */ = {
			isa = PBXContainerItemProxy;
			containerPortal = 6E44FAE41AA1D45D0037D698 /* Project object */;
			proxyType = 1;
			remoteGlobalIDString = 6E44FAEB1AA1D45E0037D698;
			remoteInfo = oralcare;
		};
/* End PBXContainerItemProxy section */

/* Begin PBXFileReference section */
		6E44FAEC1AA1D45E0037D698 /* oralcare.app */ = {isa = PBXFileReference; explicitFileType = wrapper.application; includeInIndex = 0; path = oralcare.app; sourceTree = BUILT_PRODUCTS_DIR; };
		6E44FAEF1AA1D45E0037D698 /* Foundation.framework */ = {isa = PBXFileReference; lastKnownFileType = wrapper.framework; name = Foundation.framework; path = System/Library/Frameworks/Foundation.framework; sourceTree = SDKROOT; };
		6E44FAF11AA1D45E0037D698 /* CoreGraphics.framework */ = {isa = PBXFileReference; lastKnownFileType = wrapper.framework; name = CoreGraphics.framework; path = System/Library/Frameworks/CoreGraphics.framework; sourceTree = SDKROOT; };
		6E44FAF31AA1D45E0037D698 /* UIKit.framework */ = {isa = PBXFileReference; lastKnownFileType = wrapper.framework; name = UIKit.framework; path = System/Library/Frameworks/UIKit.framework; sourceTree = SDKROOT; };
		6E44FAF71AA1D45E0037D698 /* oralcare-Info.plist */ = {isa = PBXFileReference; lastKnownFileType = text.plist.xml; path = "oralcare-Info.plist"; sourceTree = "<group>"; };
		6E44FAF91AA1D45E0037D698 /* en */ = {isa = PBXFileReference; lastKnownFileType = text.plist.strings; name = en; path = en.lproj/InfoPlist.strings; sourceTree = "<group>"; };
		6E44FAFB1AA1D45E0037D698 /* main.m */ = {isa = PBXFileReference; lastKnownFileType = sourcecode.c.objc; path = main.m; sourceTree = "<group>"; };
		6E44FAFD1AA1D45E0037D698 /* oralcare-Prefix.pch */ = {isa = PBXFileReference; lastKnownFileType = sourcecode.c.h; path = "oralcare-Prefix.pch"; sourceTree = "<group>"; };
		6E44FAFE1AA1D45E0037D698 /* OCAppDelegate.h */ = {isa = PBXFileReference; lastKnownFileType = sourcecode.c.h; path = OCAppDelegate.h; sourceTree = "<group>"; };
		6E44FAFF1AA1D45E0037D698 /* OCAppDelegate.m */ = {isa = PBXFileReference; lastKnownFileType = sourcecode.c.objc; path = OCAppDelegate.m; sourceTree = "<group>"; };
		6E44FB021AA1D45E0037D698 /* Base */ = {isa = PBXFileReference; lastKnownFileType = file.storyboard; name = Base; path = Base.lproj/Main_iPhone.storyboard; sourceTree = "<group>"; };
		6E44FB051AA1D45E0037D698 /* Base */ = {isa = PBXFileReference; lastKnownFileType = file.storyboard; name = Base; path = Base.lproj/Main_iPad.storyboard; sourceTree = "<group>"; };
		6E44FB071AA1D45E0037D698 /* OCViewController.h */ = {isa = PBXFileReference; lastKnownFileType = sourcecode.c.h; path = OCViewController.h; sourceTree = "<group>"; };
		6E44FB081AA1D45E0037D698 /* OCViewController.m */ = {isa = PBXFileReference; lastKnownFileType = sourcecode.c.objc; path = OCViewController.m; sourceTree = "<group>"; };
		6E44FB0A1AA1D45E0037D698 /* Images.xcassets */ = {isa = PBXFileReference; lastKnownFileType = folder.assetcatalog; path = Images.xcassets; sourceTree = "<group>"; };
		6E44FB101AA1D45E0037D698 /* oralcareTests.xctest */ = {isa = PBXFileReference; explicitFileType = wrapper.cfbundle; includeInIndex = 0; path = oralcareTests.xctest; sourceTree = BUILT_PRODUCTS_DIR; };
		6E44FB111AA1D45E0037D698 /* XCTest.framework */ = {isa = PBXFileReference; lastKnownFileType = wrapper.framework; name = XCTest.framework; path = Library/Frameworks/XCTest.framework; sourceTree = DEVELOPER_DIR; };
		6E44FB191AA1D45E0037D698 /* oralcareTests-Info.plist */ = {isa = PBXFileReference; lastKnownFileType = text.plist.xml; path = "oralcareTests-Info.plist"; sourceTree = "<group>"; };
		6E44FB1B1AA1D45E0037D698 /* en */ = {isa = PBXFileReference; lastKnownFileType = text.plist.strings; name = en; path = en.lproj/InfoPlist.strings; sourceTree = "<group>"; };
		6E44FB1D1AA1D45E0037D698 /* oralcareTests.m */ = {isa = PBXFileReference; lastKnownFileType = sourcecode.c.objc; path = oralcareTests.m; sourceTree = "<group>"; };
		CC2FF5FE1AA3EA47005994C4 /* MKAnnotationView+WebCache.h */ = {isa = PBXFileReference; fileEncoding = 4; lastKnownFileType = sourcecode.c.h; path = "MKAnnotationView+WebCache.h"; sourceTree = "<group>"; };
		CC2FF5FF1AA3EA47005994C4 /* MKAnnotationView+WebCache.m */ = {isa = PBXFileReference; fileEncoding = 4; lastKnownFileType = sourcecode.c.objc; path = "MKAnnotationView+WebCache.m"; sourceTree = "<group>"; };
		CC2FF6001AA3EA47005994C4 /* NSData+ImageContentType.h */ = {isa = PBXFileReference; fileEncoding = 4; lastKnownFileType = sourcecode.c.h; path = "NSData+ImageContentType.h"; sourceTree = "<group>"; };
		CC2FF6011AA3EA47005994C4 /* NSData+ImageContentType.m */ = {isa = PBXFileReference; fileEncoding = 4; lastKnownFileType = sourcecode.c.objc; path = "NSData+ImageContentType.m"; sourceTree = "<group>"; };
		CC2FF6021AA3EA47005994C4 /* SDImageCache.h */ = {isa = PBXFileReference; fileEncoding = 4; lastKnownFileType = sourcecode.c.h; path = SDImageCache.h; sourceTree = "<group>"; };
		CC2FF6031AA3EA47005994C4 /* SDImageCache.m */ = {isa = PBXFileReference; fileEncoding = 4; lastKnownFileType = sourcecode.c.objc; path = SDImageCache.m; sourceTree = "<group>"; };
		CC2FF6041AA3EA47005994C4 /* SDWebImageCompat.h */ = {isa = PBXFileReference; fileEncoding = 4; lastKnownFileType = sourcecode.c.h; path = SDWebImageCompat.h; sourceTree = "<group>"; };
		CC2FF6051AA3EA47005994C4 /* SDWebImageCompat.m */ = {isa = PBXFileReference; fileEncoding = 4; lastKnownFileType = sourcecode.c.objc; path = SDWebImageCompat.m; sourceTree = "<group>"; };
		CC2FF6061AA3EA47005994C4 /* SDWebImageDecoder.h */ = {isa = PBXFileReference; fileEncoding = 4; lastKnownFileType = sourcecode.c.h; path = SDWebImageDecoder.h; sourceTree = "<group>"; };
		CC2FF6071AA3EA47005994C4 /* SDWebImageDecoder.m */ = {isa = PBXFileReference; fileEncoding = 4; lastKnownFileType = sourcecode.c.objc; path = SDWebImageDecoder.m; sourceTree = "<group>"; };
		CC2FF6081AA3EA47005994C4 /* SDWebImageDownloader.h */ = {isa = PBXFileReference; fileEncoding = 4; lastKnownFileType = sourcecode.c.h; path = SDWebImageDownloader.h; sourceTree = "<group>"; };
		CC2FF6091AA3EA48005994C4 /* SDWebImageDownloader.m */ = {isa = PBXFileReference; fileEncoding = 4; lastKnownFileType = sourcecode.c.objc; path = SDWebImageDownloader.m; sourceTree = "<group>"; };
		CC2FF60A1AA3EA48005994C4 /* SDWebImageDownloaderOperation.h */ = {isa = PBXFileReference; fileEncoding = 4; lastKnownFileType = sourcecode.c.h; path = SDWebImageDownloaderOperation.h; sourceTree = "<group>"; };
		CC2FF60B1AA3EA48005994C4 /* SDWebImageDownloaderOperation.m */ = {isa = PBXFileReference; fileEncoding = 4; lastKnownFileType = sourcecode.c.objc; path = SDWebImageDownloaderOperation.m; sourceTree = "<group>"; };
		CC2FF60C1AA3EA48005994C4 /* SDWebImageManager.h */ = {isa = PBXFileReference; fileEncoding = 4; lastKnownFileType = sourcecode.c.h; path = SDWebImageManager.h; sourceTree = "<group>"; };
		CC2FF60D1AA3EA48005994C4 /* SDWebImageManager.m */ = {isa = PBXFileReference; fileEncoding = 4; lastKnownFileType = sourcecode.c.objc; path = SDWebImageManager.m; sourceTree = "<group>"; };
		CC2FF60E1AA3EA48005994C4 /* SDWebImageOperation.h */ = {isa = PBXFileReference; fileEncoding = 4; lastKnownFileType = sourcecode.c.h; path = SDWebImageOperation.h; sourceTree = "<group>"; };
		CC2FF60F1AA3EA48005994C4 /* SDWebImagePrefetcher.h */ = {isa = PBXFileReference; fileEncoding = 4; lastKnownFileType = sourcecode.c.h; path = SDWebImagePrefetcher.h; sourceTree = "<group>"; };
		CC2FF6101AA3EA48005994C4 /* SDWebImagePrefetcher.m */ = {isa = PBXFileReference; fileEncoding = 4; lastKnownFileType = sourcecode.c.objc; path = SDWebImagePrefetcher.m; sourceTree = "<group>"; };
		CC2FF6111AA3EA48005994C4 /* UIButton+WebCache.h */ = {isa = PBXFileReference; fileEncoding = 4; lastKnownFileType = sourcecode.c.h; path = "UIButton+WebCache.h"; sourceTree = "<group>"; };
		CC2FF6121AA3EA48005994C4 /* UIButton+WebCache.m */ = {isa = PBXFileReference; fileEncoding = 4; lastKnownFileType = sourcecode.c.objc; path = "UIButton+WebCache.m"; sourceTree = "<group>"; };
		CC2FF6131AA3EA48005994C4 /* UIImage+GIF.h */ = {isa = PBXFileReference; fileEncoding = 4; lastKnownFileType = sourcecode.c.h; path = "UIImage+GIF.h"; sourceTree = "<group>"; };
		CC2FF6141AA3EA48005994C4 /* UIImage+GIF.m */ = {isa = PBXFileReference; fileEncoding = 4; lastKnownFileType = sourcecode.c.objc; path = "UIImage+GIF.m"; sourceTree = "<group>"; };
		CC2FF6151AA3EA48005994C4 /* UIImage+MultiFormat.h */ = {isa = PBXFileReference; fileEncoding = 4; lastKnownFileType = sourcecode.c.h; path = "UIImage+MultiFormat.h"; sourceTree = "<group>"; };
		CC2FF6161AA3EA48005994C4 /* UIImage+MultiFormat.m */ = {isa = PBXFileReference; fileEncoding = 4; lastKnownFileType = sourcecode.c.objc; path = "UIImage+MultiFormat.m"; sourceTree = "<group>"; };
		CC2FF6171AA3EA48005994C4 /* UIImage+WebP.h */ = {isa = PBXFileReference; fileEncoding = 4; lastKnownFileType = sourcecode.c.h; path = "UIImage+WebP.h"; sourceTree = "<group>"; };
		CC2FF6181AA3EA48005994C4 /* UIImage+WebP.m */ = {isa = PBXFileReference; fileEncoding = 4; lastKnownFileType = sourcecode.c.objc; path = "UIImage+WebP.m"; sourceTree = "<group>"; };
		CC2FF6191AA3EA48005994C4 /* UIImageView+HighlightedWebCache.h */ = {isa = PBXFileReference; fileEncoding = 4; lastKnownFileType = sourcecode.c.h; path = "UIImageView+HighlightedWebCache.h"; sourceTree = "<group>"; };
		CC2FF61A1AA3EA48005994C4 /* UIImageView+HighlightedWebCache.m */ = {isa = PBXFileReference; fileEncoding = 4; lastKnownFileType = sourcecode.c.objc; path = "UIImageView+HighlightedWebCache.m"; sourceTree = "<group>"; };
		CC2FF61B1AA3EA48005994C4 /* UIImageView+WebCache.h */ = {isa = PBXFileReference; fileEncoding = 4; lastKnownFileType = sourcecode.c.h; path = "UIImageView+WebCache.h"; sourceTree = "<group>"; };
		CC2FF61C1AA3EA48005994C4 /* UIImageView+WebCache.m */ = {isa = PBXFileReference; fileEncoding = 4; lastKnownFileType = sourcecode.c.objc; path = "UIImageView+WebCache.m"; sourceTree = "<group>"; };
		CC2FF61D1AA3EA48005994C4 /* UIView+WebCacheOperation.h */ = {isa = PBXFileReference; fileEncoding = 4; lastKnownFileType = sourcecode.c.h; path = "UIView+WebCacheOperation.h"; sourceTree = "<group>"; };
		CC2FF61E1AA3EA48005994C4 /* UIView+WebCacheOperation.m */ = {isa = PBXFileReference; fileEncoding = 4; lastKnownFileType = sourcecode.c.objc; path = "UIView+WebCacheOperation.m"; sourceTree = "<group>"; };
		CC756EBF1AA2CBFB00C50198 /* OCTABViewController.h */ = {isa = PBXFileReference; fileEncoding = 4; lastKnownFileType = sourcecode.c.h; name = OCTABViewController.h; path = ../OCTABViewController.h; sourceTree = "<group>"; };
		CC756EC01AA2CBFB00C50198 /* OCTABViewController.m */ = {isa = PBXFileReference; fileEncoding = 4; lastKnownFileType = sourcecode.c.objc; name = OCTABViewController.m; path = ../OCTABViewController.m; sourceTree = "<group>"; };
		CC756EC21AA2D05900C50198 /* OCHOMEViewController.h */ = {isa = PBXFileReference; fileEncoding = 4; lastKnownFileType = sourcecode.c.h; name = OCHOMEViewController.h; path = ../OCHOMEViewController.h; sourceTree = "<group>"; };
		CC756EC31AA2D05900C50198 /* OCHOMEViewController.m */ = {isa = PBXFileReference; fileEncoding = 4; lastKnownFileType = sourcecode.c.objc; name = OCHOMEViewController.m; path = ../OCHOMEViewController.m; sourceTree = "<group>"; };
		CC756EC61AA2D2D500C50198 /* PHeader.pch */ = {isa = PBXFileReference; fileEncoding = 4; lastKnownFileType = sourcecode.c.h; name = PHeader.pch; path = ../PHeader.pch; sourceTree = "<group>"; };
		CC756EC81AA2D5D800C50198 /* 1.jpg */ = {isa = PBXFileReference; lastKnownFileType = image.jpeg; path = 1.jpg; sourceTree = "<group>"; };
		CC756EC91AA2D5D800C50198 /* 2.jpg */ = {isa = PBXFileReference; lastKnownFileType = image.jpeg; path = 2.jpg; sourceTree = "<group>"; };
		CC756ECA1AA2D5D800C50198 /* 3.jpg */ = {isa = PBXFileReference; lastKnownFileType = image.jpeg; path = 3.jpg; sourceTree = "<group>"; };
		CC756ECE1AA2D85600C50198 /* OCATTableViewCell.h */ = {isa = PBXFileReference; fileEncoding = 4; lastKnownFileType = sourcecode.c.h; name = OCATTableViewCell.h; path = ../OCATTableViewCell.h; sourceTree = "<group>"; };
		CC756ECF1AA2D85600C50198 /* OCATTableViewCell.m */ = {isa = PBXFileReference; fileEncoding = 4; lastKnownFileType = sourcecode.c.objc; name = OCATTableViewCell.m; path = ../OCATTableViewCell.m; sourceTree = "<group>"; };
		CC756ED11AA2F76B00C50198 /* tabbar_background.png */ = {isa = PBXFileReference; lastKnownFileType = image.png; path = tabbar_background.png; sourceTree = "<group>"; };
		CC756ED41AA2F88A00C50198 /* MJRefresh.bundle */ = {isa = PBXFileReference; lastKnownFileType = "wrapper.plug-in"; path = MJRefresh.bundle; sourceTree = "<group>"; };
		CC756ED51AA2F88A00C50198 /* MJRefresh.h */ = {isa = PBXFileReference; fileEncoding = 4; lastKnownFileType = sourcecode.c.h; path = MJRefresh.h; sourceTree = "<group>"; };
		CC756ED61AA2F88A00C50198 /* MJRefreshBaseView.h */ = {isa = PBXFileReference; fileEncoding = 4; lastKnownFileType = sourcecode.c.h; path = MJRefreshBaseView.h; sourceTree = "<group>"; };
		CC756ED71AA2F88A00C50198 /* MJRefreshBaseView.m */ = {isa = PBXFileReference; fileEncoding = 4; lastKnownFileType = sourcecode.c.objc; path = MJRefreshBaseView.m; sourceTree = "<group>"; };
		CC756ED81AA2F88A00C50198 /* MJRefreshConst.h */ = {isa = PBXFileReference; fileEncoding = 4; lastKnownFileType = sourcecode.c.h; path = MJRefreshConst.h; sourceTree = "<group>"; };
		CC756ED91AA2F88A00C50198 /* MJRefreshConst.m */ = {isa = PBXFileReference; fileEncoding = 4; lastKnownFileType = sourcecode.c.objc; path = MJRefreshConst.m; sourceTree = "<group>"; };
		CC756EDA1AA2F88A00C50198 /* MJRefreshFooterView.h */ = {isa = PBXFileReference; fileEncoding = 4; lastKnownFileType = sourcecode.c.h; path = MJRefreshFooterView.h; sourceTree = "<group>"; };
		CC756EDB1AA2F88A00C50198 /* MJRefreshFooterView.m */ = {isa = PBXFileReference; fileEncoding = 4; lastKnownFileType = sourcecode.c.objc; path = MJRefreshFooterView.m; sourceTree = "<group>"; };
		CC756EDC1AA2F88A00C50198 /* MJRefreshHeaderView.h */ = {isa = PBXFileReference; fileEncoding = 4; lastKnownFileType = sourcecode.c.h; path = MJRefreshHeaderView.h; sourceTree = "<group>"; };
		CC756EDD1AA2F88A00C50198 /* MJRefreshHeaderView.m */ = {isa = PBXFileReference; fileEncoding = 4; lastKnownFileType = sourcecode.c.objc; path = MJRefreshHeaderView.m; sourceTree = "<group>"; };
		CC756EDE1AA2F88A00C50198 /* UIScrollView+MJRefresh.h */ = {isa = PBXFileReference; fileEncoding = 4; lastKnownFileType = sourcecode.c.h; path = "UIScrollView+MJRefresh.h"; sourceTree = "<group>"; };
		CC756EDF1AA2F88A00C50198 /* UIScrollView+MJRefresh.m */ = {isa = PBXFileReference; fileEncoding = 4; lastKnownFileType = sourcecode.c.objc; path = "UIScrollView+MJRefresh.m"; sourceTree = "<group>"; };
		CC756EE01AA2F88A00C50198 /* UIView+Extension.h */ = {isa = PBXFileReference; fileEncoding = 4; lastKnownFileType = sourcecode.c.h; path = "UIView+Extension.h"; sourceTree = "<group>"; };
		CC756EE11AA2F88A00C50198 /* UIView+Extension.m */ = {isa = PBXFileReference; fileEncoding = 4; lastKnownFileType = sourcecode.c.objc; path = "UIView+Extension.m"; sourceTree = "<group>"; };
		CC756EE21AA2F88A00C50198 /* UIScrollView+Extension.h */ = {isa = PBXFileReference; fileEncoding = 4; lastKnownFileType = sourcecode.c.h; path = "UIScrollView+Extension.h"; sourceTree = "<group>"; };
		CC756EE31AA2F88A00C50198 /* UIScrollView+Extension.m */ = {isa = PBXFileReference; fileEncoding = 4; lastKnownFileType = sourcecode.c.objc; path = "UIScrollView+Extension.m"; sourceTree = "<group>"; };
/* End PBXFileReference section */

/* Begin PBXFrameworksBuildPhase section */
		6E44FAE91AA1D45E0037D698 /* Frameworks */ = {
			isa = PBXFrameworksBuildPhase;
			buildActionMask = 2147483647;
			files = (
				6E44FAF21AA1D45E0037D698 /* CoreGraphics.framework in Frameworks */,
				6E44FAF41AA1D45E0037D698 /* UIKit.framework in Frameworks */,
				6E44FAF01AA1D45E0037D698 /* Foundation.framework in Frameworks */,
			);
			runOnlyForDeploymentPostprocessing = 0;
		};
		6E44FB0D1AA1D45E0037D698 /* Frameworks */ = {
			isa = PBXFrameworksBuildPhase;
			buildActionMask = 2147483647;
			files = (
				6E44FB121AA1D45E0037D698 /* XCTest.framework in Frameworks */,
				6E44FB141AA1D45E0037D698 /* UIKit.framework in Frameworks */,
				6E44FB131AA1D45E0037D698 /* Foundation.framework in Frameworks */,
			);
			runOnlyForDeploymentPostprocessing = 0;
		};
/* End PBXFrameworksBuildPhase section */

/* Begin PBXGroup section */
		6E44FAE31AA1D45D0037D698 = {
			isa = PBXGroup;
			children = (
				CC756EEC1AA2FC2E00C50198 /* sdwebImage */,
				CC756ED31AA2F86600C50198 /* refresh */,
				6E44FAF51AA1D45E0037D698 /* oralcare */,
				6E44FB171AA1D45E0037D698 /* oralcareTests */,
				6E44FAEE1AA1D45E0037D698 /* Frameworks */,
				6E44FAED1AA1D45E0037D698 /* Products */,
			);
			sourceTree = "<group>";
		};
		6E44FAED1AA1D45E0037D698 /* Products */ = {
			isa = PBXGroup;
			children = (
				6E44FAEC1AA1D45E0037D698 /* oralcare.app */,
				6E44FB101AA1D45E0037D698 /* oralcareTests.xctest */,
			);
			name = Products;
			sourceTree = "<group>";
		};
		6E44FAEE1AA1D45E0037D698 /* Frameworks */ = {
			isa = PBXGroup;
			children = (
				6E44FAEF1AA1D45E0037D698 /* Foundation.framework */,
				6E44FAF11AA1D45E0037D698 /* CoreGraphics.framework */,
				6E44FAF31AA1D45E0037D698 /* UIKit.framework */,
				6E44FB111AA1D45E0037D698 /* XCTest.framework */,
			);
			name = Frameworks;
			sourceTree = "<group>";
		};
		6E44FAF51AA1D45E0037D698 /* oralcare */ = {
			isa = PBXGroup;
			children = (
				CC756EC81AA2D5D800C50198 /* 1.jpg */,
				CC756EC91AA2D5D800C50198 /* 2.jpg */,
				CC756ED11AA2F76B00C50198 /* tabbar_background.png */,
				CC756ECA1AA2D5D800C50198 /* 3.jpg */,
				CC756EC71AA2D55200C50198 /* preImage */,
				6E44FAFE1AA1D45E0037D698 /* OCAppDelegate.h */,
				6E44FAFF1AA1D45E0037D698 /* OCAppDelegate.m */,
				6E44FB011AA1D45E0037D698 /* Main_iPhone.storyboard */,
				6E44FB041AA1D45E0037D698 /* Main_iPad.storyboard */,
				CC756ECE1AA2D85600C50198 /* OCATTableViewCell.h */,
				CC756ECF1AA2D85600C50198 /* OCATTableViewCell.m */,
				CC756EBF1AA2CBFB00C50198 /* OCTABViewController.h */,
				CC756EC01AA2CBFB00C50198 /* OCTABViewController.m */,
				CC756EC21AA2D05900C50198 /* OCHOMEViewController.h */,
				CC756EC31AA2D05900C50198 /* OCHOMEViewController.m */,
				6E44FB071AA1D45E0037D698 /* OCViewController.h */,
				6E44FB081AA1D45E0037D698 /* OCViewController.m */,
				CC756EC61AA2D2D500C50198 /* PHeader.pch */,
				6E44FB0A1AA1D45E0037D698 /* Images.xcassets */,
				6E44FAF61AA1D45E0037D698 /* Supporting Files */,
			);
			path = oralcare;
			sourceTree = "<group>";
		};
		6E44FAF61AA1D45E0037D698 /* Supporting Files */ = {
			isa = PBXGroup;
			children = (
				6E44FAF71AA1D45E0037D698 /* oralcare-Info.plist */,
				6E44FAF81AA1D45E0037D698 /* InfoPlist.strings */,
				6E44FAFB1AA1D45E0037D698 /* main.m */,
				6E44FAFD1AA1D45E0037D698 /* oralcare-Prefix.pch */,
			);
			name = "Supporting Files";
			sourceTree = "<group>";
		};
		6E44FB171AA1D45E0037D698 /* oralcareTests */ = {
			isa = PBXGroup;
			children = (
				6E44FB1D1AA1D45E0037D698 /* oralcareTests.m */,
				6E44FB181AA1D45E0037D698 /* Supporting Files */,
			);
			path = oralcareTests;
			sourceTree = "<group>";
		};
		6E44FB181AA1D45E0037D698 /* Supporting Files */ = {
			isa = PBXGroup;
			children = (
				6E44FB191AA1D45E0037D698 /* oralcareTests-Info.plist */,
				6E44FB1A1AA1D45E0037D698 /* InfoPlist.strings */,
			);
			name = "Supporting Files";
			sourceTree = "<group>";
		};
		CC756EC71AA2D55200C50198 /* preImage */ = {
			isa = PBXGroup;
			children = (
			);
			name = preImage;
			sourceTree = "<group>";
		};
		CC756ED31AA2F86600C50198 /* refresh */ = {
			isa = PBXGroup;
			children = (
				CC756ED41AA2F88A00C50198 /* MJRefresh.bundle */,
				CC756ED51AA2F88A00C50198 /* MJRefresh.h */,
				CC756ED61AA2F88A00C50198 /* MJRefreshBaseView.h */,
				CC756ED71AA2F88A00C50198 /* MJRefreshBaseView.m */,
				CC756ED81AA2F88A00C50198 /* MJRefreshConst.h */,
				CC756ED91AA2F88A00C50198 /* MJRefreshConst.m */,
				CC756EDA1AA2F88A00C50198 /* MJRefreshFooterView.h */,
				CC756EDB1AA2F88A00C50198 /* MJRefreshFooterView.m */,
				CC756EDC1AA2F88A00C50198 /* MJRefreshHeaderView.h */,
				CC756EDD1AA2F88A00C50198 /* MJRefreshHeaderView.m */,
				CC756EDE1AA2F88A00C50198 /* UIScrollView+MJRefresh.h */,
				CC756EDF1AA2F88A00C50198 /* UIScrollView+MJRefresh.m */,
				CC756EE01AA2F88A00C50198 /* UIView+Extension.h */,
				CC756EE11AA2F88A00C50198 /* UIView+Extension.m */,
				CC756EE21AA2F88A00C50198 /* UIScrollView+Extension.h */,
				CC756EE31AA2F88A00C50198 /* UIScrollView+Extension.m */,
			);
			name = refresh;
			sourceTree = "<group>";
		};
		CC756EEC1AA2FC2E00C50198 /* sdwebImage */ = {
			isa = PBXGroup;
			children = (
				CC2FF5FE1AA3EA47005994C4 /* MKAnnotationView+WebCache.h */,
				CC2FF5FF1AA3EA47005994C4 /* MKAnnotationView+WebCache.m */,
				CC2FF6001AA3EA47005994C4 /* NSData+ImageContentType.h */,
				CC2FF6011AA3EA47005994C4 /* NSData+ImageContentType.m */,
				CC2FF6021AA3EA47005994C4 /* SDImageCache.h */,
				CC2FF6031AA3EA47005994C4 /* SDImageCache.m */,
				CC2FF6041AA3EA47005994C4 /* SDWebImageCompat.h */,
				CC2FF6051AA3EA47005994C4 /* SDWebImageCompat.m */,
				CC2FF6061AA3EA47005994C4 /* SDWebImageDecoder.h */,
				CC2FF6071AA3EA47005994C4 /* SDWebImageDecoder.m */,
				CC2FF6081AA3EA47005994C4 /* SDWebImageDownloader.h */,
				CC2FF6091AA3EA48005994C4 /* SDWebImageDownloader.m */,
				CC2FF60A1AA3EA48005994C4 /* SDWebImageDownloaderOperation.h */,
				CC2FF60B1AA3EA48005994C4 /* SDWebImageDownloaderOperation.m */,
				CC2FF60C1AA3EA48005994C4 /* SDWebImageManager.h */,
				CC2FF60D1AA3EA48005994C4 /* SDWebImageManager.m */,
				CC2FF60E1AA3EA48005994C4 /* SDWebImageOperation.h */,
				CC2FF60F1AA3EA48005994C4 /* SDWebImagePrefetcher.h */,
				CC2FF6101AA3EA48005994C4 /* SDWebImagePrefetcher.m */,
				CC2FF6111AA3EA48005994C4 /* UIButton+WebCache.h */,
				CC2FF6121AA3EA48005994C4 /* UIButton+WebCache.m */,
				CC2FF6131AA3EA48005994C4 /* UIImage+GIF.h */,
				CC2FF6141AA3EA48005994C4 /* UIImage+GIF.m */,
				CC2FF6151AA3EA48005994C4 /* UIImage+MultiFormat.h */,
				CC2FF6161AA3EA48005994C4 /* UIImage+MultiFormat.m */,
				CC2FF6171AA3EA48005994C4 /* UIImage+WebP.h */,
				CC2FF6181AA3EA48005994C4 /* UIImage+WebP.m */,
				CC2FF6191AA3EA48005994C4 /* UIImageView+HighlightedWebCache.h */,
				CC2FF61A1AA3EA48005994C4 /* UIImageView+HighlightedWebCache.m */,
				CC2FF61B1AA3EA48005994C4 /* UIImageView+WebCache.h */,
				CC2FF61C1AA3EA48005994C4 /* UIImageView+WebCache.m */,
				CC2FF61D1AA3EA48005994C4 /* UIView+WebCacheOperation.h */,
				CC2FF61E1AA3EA48005994C4 /* UIView+WebCacheOperation.m */,
			);
			name = sdwebImage;
			sourceTree = "<group>";
		};
/* End PBXGroup section */

/* Begin PBXNativeTarget section */
		6E44FAEB1AA1D45E0037D698 /* oralcare */ = {
			isa = PBXNativeTarget;
			buildConfigurationList = 6E44FB211AA1D45E0037D698 /* Build configuration list for PBXNativeTarget "oralcare" */;
			buildPhases = (
				6E44FAE81AA1D45E0037D698 /* Sources */,
				6E44FAE91AA1D45E0037D698 /* Frameworks */,
				6E44FAEA1AA1D45E0037D698 /* Resources */,
			);
			buildRules = (
			);
			dependencies = (
			);
			name = oralcare;
			productName = oralcare;
			productReference = 6E44FAEC1AA1D45E0037D698 /* oralcare.app */;
			productType = "com.apple.product-type.application";
		};
		6E44FB0F1AA1D45E0037D698 /* oralcareTests */ = {
			isa = PBXNativeTarget;
			buildConfigurationList = 6E44FB241AA1D45E0037D698 /* Build configuration list for PBXNativeTarget "oralcareTests" */;
			buildPhases = (
				6E44FB0C1AA1D45E0037D698 /* Sources */,
				6E44FB0D1AA1D45E0037D698 /* Frameworks */,
				6E44FB0E1AA1D45E0037D698 /* Resources */,
			);
			buildRules = (
			);
			dependencies = (
				6E44FB161AA1D45E0037D698 /* PBXTargetDependency */,
			);
			name = oralcareTests;
			productName = oralcareTests;
			productReference = 6E44FB101AA1D45E0037D698 /* oralcareTests.xctest */;
			productType = "com.apple.product-type.bundle.unit-test";
		};
/* End PBXNativeTarget section */

/* Begin PBXProject section */
		6E44FAE41AA1D45D0037D698 /* Project object */ = {
			isa = PBXProject;
			attributes = {
				CLASSPREFIX = OC;
				LastUpgradeCheck = 0500;
				ORGANIZATIONNAME = "Hangzhou Oralcare Technical Co.,Ltd";
				TargetAttributes = {
					6E44FB0F1AA1D45E0037D698 = {
						TestTargetID = 6E44FAEB1AA1D45E0037D698;
					};
				};
			};
			buildConfigurationList = 6E44FAE71AA1D45D0037D698 /* Build configuration list for PBXProject "oralcare" */;
			compatibilityVersion = "Xcode 3.2";
			developmentRegion = English;
			hasScannedForEncodings = 0;
			knownRegions = (
				en,
				Base,
			);
			mainGroup = 6E44FAE31AA1D45D0037D698;
			productRefGroup = 6E44FAED1AA1D45E0037D698 /* Products */;
			projectDirPath = "";
			projectRoot = "";
			targets = (
				6E44FAEB1AA1D45E0037D698 /* oralcare */,
				6E44FB0F1AA1D45E0037D698 /* oralcareTests */,
			);
		};
/* End PBXProject section */

/* Begin PBXResourcesBuildPhase section */
		6E44FAEA1AA1D45E0037D698 /* Resources */ = {
			isa = PBXResourcesBuildPhase;
			buildActionMask = 2147483647;
			files = (
				6E44FB061AA1D45E0037D698 /* Main_iPad.storyboard in Resources */,
				6E44FB0B1AA1D45E0037D698 /* Images.xcassets in Resources */,
				CC756ECB1AA2D5D800C50198 /* 1.jpg in Resources */,
				CC756ED21AA2F76B00C50198 /* tabbar_background.png in Resources */,
				6E44FB031AA1D45E0037D698 /* Main_iPhone.storyboard in Resources */,
				CC756ECD1AA2D5D800C50198 /* 3.jpg in Resources */,
				6E44FAFA1AA1D45E0037D698 /* InfoPlist.strings in Resources */,
				CC756ECC1AA2D5D800C50198 /* 2.jpg in Resources */,
				CC756EE41AA2F88A00C50198 /* MJRefresh.bundle in Resources */,
			);
			runOnlyForDeploymentPostprocessing = 0;
		};
		6E44FB0E1AA1D45E0037D698 /* Resources */ = {
			isa = PBXResourcesBuildPhase;
			buildActionMask = 2147483647;
			files = (
				6E44FB1C1AA1D45E0037D698 /* InfoPlist.strings in Resources */,
			);
			runOnlyForDeploymentPostprocessing = 0;
		};
/* End PBXResourcesBuildPhase section */

/* Begin PBXSourcesBuildPhase section */
		6E44FAE81AA1D45E0037D698 /* Sources */ = {
			isa = PBXSourcesBuildPhase;
			buildActionMask = 2147483647;
			files = (
				CC756EE61AA2F88A00C50198 /* MJRefreshConst.m in Sources */,
				CC2FF62B1AA3EA48005994C4 /* UIImage+WebP.m in Sources */,
				CC756EE91AA2F88A00C50198 /* UIScrollView+MJRefresh.m in Sources */,
				CC756EEB1AA2F88A00C50198 /* UIScrollView+Extension.m in Sources */,
				CC756EC11AA2CBFB00C50198 /* OCTABViewController.m in Sources */,
				CC756EC41AA2D05900C50198 /* OCHOMEViewController.m in Sources */,
				CC756EE71AA2F88A00C50198 /* MJRefreshFooterView.m in Sources */,
				CC2FF6251AA3EA48005994C4 /* SDWebImageDownloaderOperation.m in Sources */,
				CC756ED01AA2D85600C50198 /* OCATTableViewCell.m in Sources */,
				CC2FF6211AA3EA48005994C4 /* SDImageCache.m in Sources */,
				CC756EEA1AA2F88A00C50198 /* UIView+Extension.m in Sources */,
				CC756EE51AA2F88A00C50198 /* MJRefreshBaseView.m in Sources */,
				CC756EE81AA2F88A00C50198 /* MJRefreshHeaderView.m in Sources */,
				CC2FF6221AA3EA48005994C4 /* SDWebImageCompat.m in Sources */,
				CC2FF6201AA3EA48005994C4 /* NSData+ImageContentType.m in Sources */,
				6E44FB001AA1D45E0037D698 /* OCAppDelegate.m in Sources */,
				CC2FF6261AA3EA48005994C4 /* SDWebImageManager.m in Sources */,
				CC2FF6241AA3EA48005994C4 /* SDWebImageDownloader.m in Sources */,
				CC2FF62D1AA3EA48005994C4 /* UIImageView+WebCache.m in Sources */,
				CC2FF62C1AA3EA48005994C4 /* UIImageView+HighlightedWebCache.m in Sources */,
				CC2FF61F1AA3EA48005994C4 /* MKAnnotationView+WebCache.m in Sources */,
				CC2FF6291AA3EA48005994C4 /* UIImage+GIF.m in Sources */,
				6E44FAFC1AA1D45E0037D698 /* main.m in Sources */,
				CC2FF6271AA3EA48005994C4 /* SDWebImagePrefetcher.m in Sources */,
				CC2FF6281AA3EA48005994C4 /* UIButton+WebCache.m in Sources */,
				CC2FF62A1AA3EA48005994C4 /* UIImage+MultiFormat.m in Sources */,
				CC2FF6231AA3EA48005994C4 /* SDWebImageDecoder.m in Sources */,
				CC2FF62E1AA3EA48005994C4 /* UIView+WebCacheOperation.m in Sources */,
				6E44FB091AA1D45E0037D698 /* OCViewController.m in Sources */,
			);
			runOnlyForDeploymentPostprocessing = 0;
		};
		6E44FB0C1AA1D45E0037D698 /* Sources */ = {
			isa = PBXSourcesBuildPhase;
			buildActionMask = 2147483647;
			files = (
				6E44FB1E1AA1D45E0037D698 /* oralcareTests.m in Sources */,
			);
			runOnlyForDeploymentPostprocessing = 0;
		};
/* End PBXSourcesBuildPhase section */

/* Begin PBXTargetDependency section */
		6E44FB161AA1D45E0037D698 /* PBXTargetDependency */ = {
			isa = PBXTargetDependency;
			target = 6E44FAEB1AA1D45E0037D698 /* oralcare */;
			targetProxy = 6E44FB151AA1D45E0037D698 /* PBXContainerItemProxy */;
		};
/* End PBXTargetDependency section */

/* Begin PBXVariantGroup section */
		6E44FAF81AA1D45E0037D698 /* InfoPlist.strings */ = {
			isa = PBXVariantGroup;
			children = (
				6E44FAF91AA1D45E0037D698 /* en */,
			);
			name = InfoPlist.strings;
			sourceTree = "<group>";
		};
		6E44FB011AA1D45E0037D698 /* Main_iPhone.storyboard */ = {
			isa = PBXVariantGroup;
			children = (
				6E44FB021AA1D45E0037D698 /* Base */,
			);
			name = Main_iPhone.storyboard;
			sourceTree = "<group>";
		};
		6E44FB041AA1D45E0037D698 /* Main_iPad.storyboard */ = {
			isa = PBXVariantGroup;
			children = (
				6E44FB051AA1D45E0037D698 /* Base */,
			);
			name = Main_iPad.storyboard;
			sourceTree = "<group>";
		};
		6E44FB1A1AA1D45E0037D698 /* InfoPlist.strings */ = {
			isa = PBXVariantGroup;
			children = (
				6E44FB1B1AA1D45E0037D698 /* en */,
			);
			name = InfoPlist.strings;
			sourceTree = "<group>";
		};
/* End PBXVariantGroup section */

/* Begin XCBuildConfiguration section */
		6E44FB1F1AA1D45E0037D698 /* Debug */ = {
			isa = XCBuildConfiguration;
			buildSettings = {
				ALWAYS_SEARCH_USER_PATHS = NO;
				ARCHS = "$(ARCHS_STANDARD_INCLUDING_64_BIT)";
				CLANG_CXX_LANGUAGE_STANDARD = "gnu++0x";
				CLANG_CXX_LIBRARY = "libc++";
				CLANG_ENABLE_MODULES = YES;
				CLANG_ENABLE_OBJC_ARC = YES;
				CLANG_WARN_BOOL_CONVERSION = YES;
				CLANG_WARN_CONSTANT_CONVERSION = YES;
				CLANG_WARN_DIRECT_OBJC_ISA_USAGE = YES_ERROR;
				CLANG_WARN_EMPTY_BODY = YES;
				CLANG_WARN_ENUM_CONVERSION = YES;
				CLANG_WARN_INT_CONVERSION = YES;
				CLANG_WARN_OBJC_ROOT_CLASS = YES_ERROR;
				CLANG_WARN__DUPLICATE_METHOD_MATCH = YES;
				"CODE_SIGN_IDENTITY[sdk=iphoneos*]" = "iPhone Developer";
				COPY_PHASE_STRIP = NO;
				GCC_C_LANGUAGE_STANDARD = gnu99;
				GCC_DYNAMIC_NO_PIC = NO;
				GCC_OPTIMIZATION_LEVEL = 0;
				GCC_PREPROCESSOR_DEFINITIONS = (
					"DEBUG=1",
					"$(inherited)",
				);
				GCC_SYMBOLS_PRIVATE_EXTERN = NO;
				GCC_WARN_64_TO_32_BIT_CONVERSION = YES;
				GCC_WARN_ABOUT_RETURN_TYPE = YES_ERROR;
				GCC_WARN_UNDECLARED_SELECTOR = YES;
				GCC_WARN_UNINITIALIZED_AUTOS = YES;
				GCC_WARN_UNUSED_FUNCTION = YES;
				GCC_WARN_UNUSED_VARIABLE = YES;
				IPHONEOS_DEPLOYMENT_TARGET = 7.0;
				ONLY_ACTIVE_ARCH = YES;
				SDKROOT = iphoneos;
				TARGETED_DEVICE_FAMILY = "1,2";
			};
			name = Debug;
		};
		6E44FB201AA1D45E0037D698 /* Release */ = {
			isa = XCBuildConfiguration;
			buildSettings = {
				ALWAYS_SEARCH_USER_PATHS = NO;
				ARCHS = "$(ARCHS_STANDARD_INCLUDING_64_BIT)";
				CLANG_CXX_LANGUAGE_STANDARD = "gnu++0x";
				CLANG_CXX_LIBRARY = "libc++";
				CLANG_ENABLE_MODULES = YES;
				CLANG_ENABLE_OBJC_ARC = YES;
				CLANG_WARN_BOOL_CONVERSION = YES;
				CLANG_WARN_CONSTANT_CONVERSION = YES;
				CLANG_WARN_DIRECT_OBJC_ISA_USAGE = YES_ERROR;
				CLANG_WARN_EMPTY_BODY = YES;
				CLANG_WARN_ENUM_CONVERSION = YES;
				CLANG_WARN_INT_CONVERSION = YES;
				CLANG_WARN_OBJC_ROOT_CLASS = YES_ERROR;
				CLANG_WARN__DUPLICATE_METHOD_MATCH = YES;
				"CODE_SIGN_IDENTITY[sdk=iphoneos*]" = "iPhone Developer";
				COPY_PHASE_STRIP = YES;
				ENABLE_NS_ASSERTIONS = NO;
				GCC_C_LANGUAGE_STANDARD = gnu99;
				GCC_WARN_64_TO_32_BIT_CONVERSION = YES;
				GCC_WARN_ABOUT_RETURN_TYPE = YES_ERROR;
				GCC_WARN_UNDECLARED_SELECTOR = YES;
				GCC_WARN_UNINITIALIZED_AUTOS = YES;
				GCC_WARN_UNUSED_FUNCTION = YES;
				GCC_WARN_UNUSED_VARIABLE = YES;
				IPHONEOS_DEPLOYMENT_TARGET = 7.0;
				SDKROOT = iphoneos;
				TARGETED_DEVICE_FAMILY = "1,2";
				VALIDATE_PRODUCT = YES;
			};
			name = Release;
		};
		6E44FB221AA1D45E0037D698 /* Debug */ = {
			isa = XCBuildConfiguration;
			buildSettings = {
				ASSETCATALOG_COMPILER_APPICON_NAME = AppIcon;
				ASSETCATALOG_COMPILER_LAUNCHIMAGE_NAME = LaunchImage;
				GCC_PRECOMPILE_PREFIX_HEADER = YES;
				GCC_PREFIX_HEADER = "oralcare/oralcare-Prefix.pch";
				INFOPLIST_FILE = "oralcare/oralcare-Info.plist";
				IPHONEOS_DEPLOYMENT_TARGET = 8.1;
				PRODUCT_NAME = "$(TARGET_NAME)";
				WRAPPER_EXTENSION = app;
			};
			name = Debug;
		};
		6E44FB231AA1D45E0037D698 /* Release */ = {
			isa = XCBuildConfiguration;
			buildSettings = {
				ASSETCATALOG_COMPILER_APPICON_NAME = AppIcon;
				ASSETCATALOG_COMPILER_LAUNCHIMAGE_NAME = LaunchImage;
				GCC_PRECOMPILE_PREFIX_HEADER = YES;
				GCC_PREFIX_HEADER = "oralcare/oralcare-Prefix.pch";
				INFOPLIST_FILE = "oralcare/oralcare-Info.plist";
				IPHONEOS_DEPLOYMENT_TARGET = 8.1;
				PRODUCT_NAME = "$(TARGET_NAME)";
				WRAPPER_EXTENSION = app;
			};
			name = Release;
		};
		6E44FB251AA1D45E0037D698 /* Debug */ = {
			isa = XCBuildConfiguration;
			buildSettings = {
				ARCHS = "$(ARCHS_STANDARD_INCLUDING_64_BIT)";
				BUNDLE_LOADER = "$(BUILT_PRODUCTS_DIR)/oralcare.app/oralcare";
				FRAMEWORK_SEARCH_PATHS = (
					"$(SDKROOT)/Developer/Library/Frameworks",
					"$(inherited)",
					"$(DEVELOPER_FRAMEWORKS_DIR)",
				);
				GCC_PRECOMPILE_PREFIX_HEADER = YES;
				GCC_PREFIX_HEADER = "oralcare/oralcare-Prefix.pch";
				GCC_PREPROCESSOR_DEFINITIONS = (
					"DEBUG=1",
					"$(inherited)",
				);
				INFOPLIST_FILE = "oralcareTests/oralcareTests-Info.plist";
				PRODUCT_NAME = "$(TARGET_NAME)";
				TEST_HOST = "$(BUNDLE_LOADER)";
				WRAPPER_EXTENSION = xctest;
			};
			name = Debug;
		};
		6E44FB261AA1D45E0037D698 /* Release */ = {
			isa = XCBuildConfiguration;
			buildSettings = {
				ARCHS = "$(ARCHS_STANDARD_INCLUDING_64_BIT)";
				BUNDLE_LOADER = "$(BUILT_PRODUCTS_DIR)/oralcare.app/oralcare";
				FRAMEWORK_SEARCH_PATHS = (
					"$(SDKROOT)/Developer/Library/Frameworks",
					"$(inherited)",
					"$(DEVELOPER_FRAMEWORKS_DIR)",
				);
				GCC_PRECOMPILE_PREFIX_HEADER = YES;
				GCC_PREFIX_HEADER = "oralcare/oralcare-Prefix.pch";
				INFOPLIST_FILE = "oralcareTests/oralcareTests-Info.plist";
				PRODUCT_NAME = "$(TARGET_NAME)";
				TEST_HOST = "$(BUNDLE_LOADER)";
				WRAPPER_EXTENSION = xctest;
			};
			name = Release;
		};
/* End XCBuildConfiguration section */

/* Begin XCConfigurationList section */
		6E44FAE71AA1D45D0037D698 /* Build configuration list for PBXProject "oralcare" */ = {
			isa = XCConfigurationList;
			buildConfigurations = (
				6E44FB1F1AA1D45E0037D698 /* Debug */,
				6E44FB201AA1D45E0037D698 /* Release */,
			);
			defaultConfigurationIsVisible = 0;
			defaultConfigurationName = Release;
		};
		6E44FB211AA1D45E0037D698 /* Build configuration list for PBXNativeTarget "oralcare" */ = {
			isa = XCConfigurationList;
			buildConfigurations = (
				6E44FB221AA1D45E0037D698 /* Debug */,
				6E44FB231AA1D45E0037D698 /* Release */,
			);
			defaultConfigurationIsVisible = 0;
			defaultConfigurationName = Release;
		};
		6E44FB241AA1D45E0037D698 /* Build configuration list for PBXNativeTarget "oralcareTests" */ = {
			isa = XCConfigurationList;
			buildConfigurations = (
				6E44FB251AA1D45E0037D698 /* Debug */,
				6E44FB261AA1D45E0037D698 /* Release */,
			);
			defaultConfigurationIsVisible = 0;
			defaultConfigurationName = Release;
		};
/* End XCConfigurationList section */
	};
	rootObject = 6E44FAE41AA1D45D0037D698 /* Project object */;
}
