// !$*UTF8*$!
{
	archiveVersion = 1;
	classes = {
	};
	objectVersion = 46;
	objects = {

/* Begin PBXBuildFile section */
		CC756E6A1AA2C1C600C50198 /* main.m in Sources */ = {isa = PBXBuildFile; fileRef = CC756E691AA2C1C600C50198 /* main.m */; };
		CC756E6D1AA2C1C600C50198 /* AppDelegate.m in Sources */ = {isa = PBXBuildFile; fileRef = CC756E6C1AA2C1C600C50198 /* AppDelegate.m */; };
		CC756E701AA2C1C600C50198 /* ViewController.m in Sources */ = {isa = PBXBuildFile; fileRef = CC756E6F1AA2C1C600C50198 /* ViewController.m */; };
		CC756E731AA2C1C600C50198 /* Main.storyboard in Resources */ = {isa = PBXBuildFile; fileRef = CC756E711AA2C1C600C50198 /* Main.storyboard */; };
		CC756E751AA2C1C600C50198 /* Images.xcassets in Resources */ = {isa = PBXBuildFile; fileRef = CC756E741AA2C1C600C50198 /* Images.xcassets */; };
		CC756E781AA2C1C700C50198 /* LaunchScreen.xib in Resources */ = {isa = PBXBuildFile; fileRef = CC756E761AA2C1C700C50198 /* LaunchScreen.xib */; };
		CC756E841AA2C1C700C50198 /* haloTests.m in Sources */ = {isa = PBXBuildFile; fileRef = CC756E831AA2C1C700C50198 /* haloTests.m */; };
/* End PBXBuildFile section */

/* Begin PBXContainerItemProxy section */
		CC756E7E1AA2C1C700C50198 /* PBXContainerItemProxy */ = {
			isa = PBXContainerItemProxy;
			containerPortal = CC756E5C1AA2C1C600C50198 /* Project object */;
			proxyType = 1;
			remoteGlobalIDString = CC756E631AA2C1C600C50198;
			remoteInfo = halo;
		};
/* End PBXContainerItemProxy section */

/* Begin PBXFileReference section */
		CC756E641AA2C1C600C50198 /* halo.app */ = {isa = PBXFileReference; explicitFileType = wrapper.application; includeInIndex = 0; path = halo.app; sourceTree = BUILT_PRODUCTS_DIR; };
		CC756E681AA2C1C600C50198 /* Info.plist */ = {isa = PBXFileReference; lastKnownFileType = text.plist.xml; path = Info.plist; sourceTree = "<group>"; };
		CC756E691AA2C1C600C50198 /* main.m */ = {isa = PBXFileReference; lastKnownFileType = sourcecode.c.objc; path = main.m; sourceTree = "<group>"; };
		CC756E6B1AA2C1C600C50198 /* AppDelegate.h */ = {isa = PBXFileReference; lastKnownFileType = sourcecode.c.h; path = AppDelegate.h; sourceTree = "<group>"; };
		CC756E6C1AA2C1C600C50198 /* AppDelegate.m */ = {isa = PBXFileReference; lastKnownFileType = sourcecode.c.objc; path = AppDelegate.m; sourceTree = "<group>"; };
		CC756E6E1AA2C1C600C50198 /* ViewController.h */ = {isa = PBXFileReference; lastKnownFileType = sourcecode.c.h; path = ViewController.h; sourceTree = "<group>"; };
		CC756E6F1AA2C1C600C50198 /* ViewController.m */ = {isa = PBXFileReference; lastKnownFileType = sourcecode.c.objc; path = ViewController.m; sourceTree = "<group>"; };
		CC756E721AA2C1C600C50198 /* Base */ = {isa = PBXFileReference; lastKnownFileType = file.storyboard; name = Base; path = Base.lproj/Main.storyboard; sourceTree = "<group>"; };
		CC756E741AA2C1C600C50198 /* Images.xcassets */ = {isa = PBXFileReference; lastKnownFileType = folder.assetcatalog; path = Images.xcassets; sourceTree = "<group>"; };
		CC756E771AA2C1C700C50198 /* Base */ = {isa = PBXFileReference; lastKnownFileType = file.xib; name = Base; path = Base.lproj/LaunchScreen.xib; sourceTree = "<group>"; };
		CC756E7D1AA2C1C700C50198 /* haloTests.xctest */ = {isa = PBXFileReference; explicitFileType = wrapper.cfbundle; includeInIndex = 0; path = haloTests.xctest; sourceTree = BUILT_PRODUCTS_DIR; };
		CC756E821AA2C1C700C50198 /* Info.plist */ = {isa = PBXFileReference; lastKnownFileType = text.plist.xml; path = Info.plist; sourceTree = "<group>"; };
		CC756E831AA2C1C700C50198 /* haloTests.m */ = {isa = PBXFileReference; lastKnownFileType = sourcecode.c.objc; path = haloTests.m; sourceTree = "<group>"; };
/* End PBXFileReference section */

/* Begin PBXFrameworksBuildPhase section */
		CC756E611AA2C1C600C50198 /* Frameworks */ = {
			isa = PBXFrameworksBuildPhase;
			buildActionMask = 2147483647;
			files = (
			);
			runOnlyForDeploymentPostprocessing = 0;
		};
		CC756E7A1AA2C1C700C50198 /* Frameworks */ = {
			isa = PBXFrameworksBuildPhase;
			buildActionMask = 2147483647;
			files = (
			);
			runOnlyForDeploymentPostprocessing = 0;
		};
/* End PBXFrameworksBuildPhase section */

/* Begin PBXGroup section */
		CC756E5B1AA2C1C600C50198 = {
			isa = PBXGroup;
			children = (
				CC756E661AA2C1C600C50198 /* halo */,
				CC756E801AA2C1C700C50198 /* haloTests */,
				CC756E651AA2C1C600C50198 /* Products */,
			);
			sourceTree = "<group>";
		};
		CC756E651AA2C1C600C50198 /* Products */ = {
			isa = PBXGroup;
			children = (
				CC756E641AA2C1C600C50198 /* halo.app */,
				CC756E7D1AA2C1C700C50198 /* haloTests.xctest */,
			);
			name = Products;
			sourceTree = "<group>";
		};
		CC756E661AA2C1C600C50198 /* halo */ = {
			isa = PBXGroup;
			children = (
				CC756E6B1AA2C1C600C50198 /* AppDelegate.h */,
				CC756E6C1AA2C1C600C50198 /* AppDelegate.m */,
				CC756E6E1AA2C1C600C50198 /* ViewController.h */,
				CC756E6F1AA2C1C600C50198 /* ViewController.m */,
				CC756E711AA2C1C600C50198 /* Main.storyboard */,
				CC756E741AA2C1C600C50198 /* Images.xcassets */,
				CC756E761AA2C1C700C50198 /* LaunchScreen.xib */,
				CC756E671AA2C1C600C50198 /* Supporting Files */,
			);
			path = halo;
			sourceTree = "<group>";
		};
		CC756E671AA2C1C600C50198 /* Supporting Files */ = {
			isa = PBXGroup;
			children = (
				CC756E681AA2C1C600C50198 /* Info.plist */,
				CC756E691AA2C1C600C50198 /* main.m */,
			);
			name = "Supporting Files";
			sourceTree = "<group>";
		};
		CC756E801AA2C1C700C50198 /* haloTests */ = {
			isa = PBXGroup;
			children = (
				CC756E831AA2C1C700C50198 /* haloTests.m */,
				CC756E811AA2C1C700C50198 /* Supporting Files */,
			);
			path = haloTests;
			sourceTree = "<group>";
		};
		CC756E811AA2C1C700C50198 /* Supporting Files */ = {
			isa = PBXGroup;
			children = (
				CC756E821AA2C1C700C50198 /* Info.plist */,
			);
			name = "Supporting Files";
			sourceTree = "<group>";
		};
/* End PBXGroup section */

/* Begin PBXNativeTarget section */
		CC756E631AA2C1C600C50198 /* halo */ = {
			isa = PBXNativeTarget;
			buildConfigurationList = CC756E871AA2C1C700C50198 /* Build configuration list for PBXNativeTarget "halo" */;
			buildPhases = (
				CC756E601AA2C1C600C50198 /* Sources */,
				CC756E611AA2C1C600C50198 /* Frameworks */,
				CC756E621AA2C1C600C50198 /* Resources */,
			);
			buildRules = (
			);
			dependencies = (
			);
			name = halo;
			productName = halo;
			productReference = CC756E641AA2C1C600C50198 /* halo.app */;
			productType = "com.apple.product-type.application";
		};
		CC756E7C1AA2C1C700C50198 /* haloTests */ = {
			isa = PBXNativeTarget;
			buildConfigurationList = CC756E8A1AA2C1C700C50198 /* Build configuration list for PBXNativeTarget "haloTests" */;
			buildPhases = (
				CC756E791AA2C1C700C50198 /* Sources */,
				CC756E7A1AA2C1C700C50198 /* Frameworks */,
				CC756E7B1AA2C1C700C50198 /* Resources */,
			);
			buildRules = (
			);
			dependencies = (
				CC756E7F1AA2C1C700C50198 /* PBXTargetDependency */,
			);
			name = haloTests;
			productName = haloTests;
			productReference = CC756E7D1AA2C1C700C50198 /* haloTests.xctest */;
			productType = "com.apple.product-type.bundle.unit-test";
		};
/* End PBXNativeTarget section */

/* Begin PBXProject section */
		CC756E5C1AA2C1C600C50198 /* Project object */ = {
			isa = PBXProject;
			attributes = {
				LastUpgradeCheck = 0610;
				ORGANIZATIONNAME = mhand;
				TargetAttributes = {
					CC756E631AA2C1C600C50198 = {
						CreatedOnToolsVersion = 6.1.1;
					};
					CC756E7C1AA2C1C700C50198 = {
						CreatedOnToolsVersion = 6.1.1;
						TestTargetID = CC756E631AA2C1C600C50198;
					};
				};
			};
			buildConfigurationList = CC756E5F1AA2C1C600C50198 /* Build configuration list for PBXProject "halo" */;
			compatibilityVersion = "Xcode 3.2";
			developmentRegion = English;
			hasScannedForEncodings = 0;
			knownRegions = (
				en,
				Base,
			);
			mainGroup = CC756E5B1AA2C1C600C50198;
			productRefGroup = CC756E651AA2C1C600C50198 /* Products */;
			projectDirPath = "";
			projectRoot = "";
			targets = (
				CC756E631AA2C1C600C50198 /* halo */,
				CC756E7C1AA2C1C700C50198 /* haloTests */,
			);
		};
/* End PBXProject section */

/* Begin PBXResourcesBuildPhase section */
		CC756E621AA2C1C600C50198 /* Resources */ = {
			isa = PBXResourcesBuildPhase;
			buildActionMask = 2147483647;
			files = (
				CC756E731AA2C1C600C50198 /* Main.storyboard in Resources */,
				CC756E781AA2C1C700C50198 /* LaunchScreen.xib in Resources */,
				CC756E751AA2C1C600C50198 /* Images.xcassets in Resources */,
			);
			runOnlyForDeploymentPostprocessing = 0;
		};
		CC756E7B1AA2C1C700C50198 /* Resources */ = {
			isa = PBXResourcesBuildPhase;
			buildActionMask = 2147483647;
			files = (
			);
			runOnlyForDeploymentPostprocessing = 0;
		};
/* End PBXResourcesBuildPhase section */

/* Begin PBXSourcesBuildPhase section */
		CC756E601AA2C1C600C50198 /* Sources */ = {
			isa = PBXSourcesBuildPhase;
			buildActionMask = 2147483647;
			files = (
				CC756E701AA2C1C600C50198 /* ViewController.m in Sources */,
				CC756E6D1AA2C1C600C50198 /* AppDelegate.m in Sources */,
				CC756E6A1AA2C1C600C50198 /* main.m in Sources */,
			);
			runOnlyForDeploymentPostprocessing = 0;
		};
		CC756E791AA2C1C700C50198 /* Sources */ = {
			isa = PBXSourcesBuildPhase;
			buildActionMask = 2147483647;
			files = (
				CC756E841AA2C1C700C50198 /* haloTests.m in Sources */,
			);
			runOnlyForDeploymentPostprocessing = 0;
		};
/* End PBXSourcesBuildPhase section */

/* Begin PBXTargetDependency section */
		CC756E7F1AA2C1C700C50198 /* PBXTargetDependency */ = {
			isa = PBXTargetDependency;
			target = CC756E631AA2C1C600C50198 /* halo */;
			targetProxy = CC756E7E1AA2C1C700C50198 /* PBXContainerItemProxy */;
		};
/* End PBXTargetDependency section */

/* Begin PBXVariantGroup section */
		CC756E711AA2C1C600C50198 /* Main.storyboard */ = {
			isa = PBXVariantGroup;
			children = (
				CC756E721AA2C1C600C50198 /* Base */,
			);
			name = Main.storyboard;
			sourceTree = "<group>";
		};
		CC756E761AA2C1C700C50198 /* LaunchScreen.xib */ = {
			isa = PBXVariantGroup;
			children = (
				CC756E771AA2C1C700C50198 /* Base */,
			);
			name = LaunchScreen.xib;
			sourceTree = "<group>";
		};
/* End PBXVariantGroup section */

/* Begin XCBuildConfiguration section */
		CC756E851AA2C1C700C50198 /* Debug */ = {
			isa = XCBuildConfiguration;
			buildSettings = {
				ALWAYS_SEARCH_USER_PATHS = NO;
				CLANG_CXX_LANGUAGE_STANDARD = "gnu++0x";
				CLANG_CXX_LIBRARY = "libc++";
				CLANG_ENABLE_MODULES = YES;
				CLANG_ENABLE_OBJC_ARC = YES;
				CLANG_WARN_BOOL_CONVERSION = YES;
				CLANG_WARN_CONSTANT_CONVERSION = YES;
				CLANG_WARN_DIRECT_OBJC_ISA_USAGE = YES_ERROR;
				CLANG_WARN_EMPTY_BODY = YES;
				CLANG_WARN_ENUM_CONVERSION = YES;
				CLANG_WARN_INT_CONVERSION = YES;
				CLANG_WARN_OBJC_ROOT_CLASS = YES_ERROR;
				CLANG_WARN_UNREACHABLE_CODE = YES;
				CLANG_WARN__DUPLICATE_METHOD_MATCH = YES;
				"CODE_SIGN_IDENTITY[sdk=iphoneos*]" = "iPhone Developer";
				COPY_PHASE_STRIP = NO;
				ENABLE_STRICT_OBJC_MSGSEND = YES;
				GCC_C_LANGUAGE_STANDARD = gnu99;
				GCC_DYNAMIC_NO_PIC = NO;
				GCC_OPTIMIZATION_LEVEL = 0;
				GCC_PREPROCESSOR_DEFINITIONS = (
					"DEBUG=1",
					"$(inherited)",
				);
				GCC_SYMBOLS_PRIVATE_EXTERN = NO;
				GCC_WARN_64_TO_32_BIT_CONVERSION = YES;
				GCC_WARN_ABOUT_RETURN_TYPE = YES_ERROR;
				GCC_WARN_UNDECLARED_SELECTOR = YES;
				GCC_WARN_UNINITIALIZED_AUTOS = YES_AGGRESSIVE;
				GCC_WARN_UNUSED_FUNCTION = YES;
				GCC_WARN_UNUSED_VARIABLE = YES;
				IPHONEOS_DEPLOYMENT_TARGET = 8.1;
				MTL_ENABLE_DEBUG_INFO = YES;
				ONLY_ACTIVE_ARCH = YES;
				SDKROOT = iphoneos;
			};
			name = Debug;
		};
		CC756E861AA2C1C700C50198 /* Release */ = {
			isa = XCBuildConfiguration;
			buildSettings = {
				ALWAYS_SEARCH_USER_PATHS = NO;
				CLANG_CXX_LANGUAGE_STANDARD = "gnu++0x";
				CLANG_CXX_LIBRARY = "libc++";
				CLANG_ENABLE_MODULES = YES;
				CLANG_ENABLE_OBJC_ARC = YES;
				CLANG_WARN_BOOL_CONVERSION = YES;
				CLANG_WARN_CONSTANT_CONVERSION = YES;
				CLANG_WARN_DIRECT_OBJC_ISA_USAGE = YES_ERROR;
				CLANG_WARN_EMPTY_BODY = YES;
				CLANG_WARN_ENUM_CONVERSION = YES;
				CLANG_WARN_INT_CONVERSION = YES;
				CLANG_WARN_OBJC_ROOT_CLASS = YES_ERROR;
				CLANG_WARN_UNREACHABLE_CODE = YES;
				CLANG_WARN__DUPLICATE_METHOD_MATCH = YES;
				"CODE_SIGN_IDENTITY[sdk=iphoneos*]" = "iPhone Developer";
				COPY_PHASE_STRIP = YES;
				ENABLE_NS_ASSERTIONS = NO;
				ENABLE_STRICT_OBJC_MSGSEND = YES;
				GCC_C_LANGUAGE_STANDARD = gnu99;
				GCC_WARN_64_TO_32_BIT_CONVERSION = YES;
				GCC_WARN_ABOUT_RETURN_TYPE = YES_ERROR;
				GCC_WARN_UNDECLARED_SELECTOR = YES;
				GCC_WARN_UNINITIALIZED_AUTOS = YES_AGGRESSIVE;
				GCC_WARN_UNUSED_FUNCTION = YES;
				GCC_WARN_UNUSED_VARIABLE = YES;
				IPHONEOS_DEPLOYMENT_TARGET = 8.1;
				MTL_ENABLE_DEBUG_INFO = NO;
				SDKROOT = iphoneos;
				VALIDATE_PRODUCT = YES;
			};
			name = Release;
		};
		CC756E881AA2C1C700C50198 /* Debug */ = {
			isa = XCBuildConfiguration;
			buildSettings = {
				ASSETCATALOG_COMPILER_APPICON_NAME = AppIcon;
				INFOPLIST_FILE = halo/Info.plist;
				LD_RUNPATH_SEARCH_PATHS = "$(inherited) @executable_path/Frameworks";
				PRODUCT_NAME = "$(TARGET_NAME)";
			};
			name = Debug;
		};
		CC756E891AA2C1C700C50198 /* Release */ = {
			isa = XCBuildConfiguration;
			buildSettings = {
				ASSETCATALOG_COMPILER_APPICON_NAME = AppIcon;
				INFOPLIST_FILE = halo/Info.plist;
				LD_RUNPATH_SEARCH_PATHS = "$(inherited) @executable_path/Frameworks";
				PRODUCT_NAME = "$(TARGET_NAME)";
			};
			name = Release;
		};
		CC756E8B1AA2C1C700C50198 /* Debug */ = {
			isa = XCBuildConfiguration;
			buildSettings = {
				BUNDLE_LOADER = "$(TEST_HOST)";
				FRAMEWORK_SEARCH_PATHS = (
					"$(SDKROOT)/Developer/Library/Frameworks",
					"$(inherited)",
				);
				GCC_PREPROCESSOR_DEFINITIONS = (
					"DEBUG=1",
					"$(inherited)",
				);
				INFOPLIST_FILE = haloTests/Info.plist;
				LD_RUNPATH_SEARCH_PATHS = "$(inherited) @executable_path/Frameworks @loader_path/Frameworks";
				PRODUCT_NAME = "$(TARGET_NAME)";
				TEST_HOST = "$(BUILT_PRODUCTS_DIR)/halo.app/halo";
			};
			name = Debug;
		};
		CC756E8C1AA2C1C700C50198 /* Release */ = {
			isa = XCBuildConfiguration;
			buildSettings = {
				BUNDLE_LOADER = "$(TEST_HOST)";
				FRAMEWORK_SEARCH_PATHS = (
					"$(SDKROOT)/Developer/Library/Frameworks",
					"$(inherited)",
				);
				INFOPLIST_FILE = haloTests/Info.plist;
				LD_RUNPATH_SEARCH_PATHS = "$(inherited) @executable_path/Frameworks @loader_path/Frameworks";
				PRODUCT_NAME = "$(TARGET_NAME)";
				TEST_HOST = "$(BUILT_PRODUCTS_DIR)/halo.app/halo";
			};
			name = Release;
		};
/* End XCBuildConfiguration section */

/* Begin XCConfigurationList section */
		CC756E5F1AA2C1C600C50198 /* Build configuration list for PBXProject "halo" */ = {
			isa = XCConfigurationList;
			buildConfigurations = (
				CC756E851AA2C1C700C50198 /* Debug */,
				CC756E861AA2C1C700C50198 /* Release */,
			);
			defaultConfigurationIsVisible = 0;
			defaultConfigurationName = Release;
		};
		CC756E871AA2C1C700C50198 /* Build configuration list for PBXNativeTarget "halo" */ = {
			isa = XCConfigurationList;
			buildConfigurations = (
				CC756E881AA2C1C700C50198 /* Debug */,
				CC756E891AA2C1C700C50198 /* Release */,
			);
			defaultConfigurationIsVisible = 0;
		};
		CC756E8A1AA2C1C700C50198 /* Build configuration list for PBXNativeTarget "haloTests" */ = {
			isa = XCConfigurationList;
			buildConfigurations = (
				CC756E8B1AA2C1C700C50198 /* Debug */,
				CC756E8C1AA2C1C700C50198 /* Release */,
			);
			defaultConfigurationIsVisible = 0;
		};
/* End XCConfigurationList section */
	};
	rootObject = CC756E5C1AA2C1C600C50198 /* Project object */;
}
